// !$*UTF8*$!
{
	archiveVersion = 1;
	classes = {
	};
	objectVersion = 56;
	objects = {

/* Begin PBXBuildFile section */
		EEEA208B2BB728C300A2452D /* AppDelegate.swift in Sources */ = {isa = PBXBuildFile; fileRef = EEEA208A2BB728C300A2452D /* AppDelegate.swift */; };
		EEEA208D2BB728C300A2452D /* SceneDelegate.swift in Sources */ = {isa = PBXBuildFile; fileRef = EEEA208C2BB728C300A2452D /* SceneDelegate.swift */; };
		EEEA208F2BB728C300A2452D /* ViewController.swift in Sources */ = {isa = PBXBuildFile; fileRef = EEEA208E2BB728C300A2452D /* ViewController.swift */; };
		EEEA20922BB728C300A2452D /* Main.storyboard in Resources */ = {isa = PBXBuildFile; fileRef = EEEA20902BB728C300A2452D /* Main.storyboard */; };
		EEEA20942BB728C400A2452D /* Assets.xcassets in Resources */ = {isa = PBXBuildFile; fileRef = EEEA20932BB728C400A2452D /* Assets.xcassets */; };
		EEEA20972BB728C400A2452D /* LaunchScreen.storyboard in Resources */ = {isa = PBXBuildFile; fileRef = EEEA20952BB728C400A2452D /* LaunchScreen.storyboard */; };
		EEEA20A22BB728C400A2452D /* CatchTheKennyTests.swift in Sources */ = {isa = PBXBuildFile; fileRef = EEEA20A12BB728C400A2452D /* CatchTheKennyTests.swift */; };
		EEEA20AC2BB728C400A2452D /* CatchTheKennyUITests.swift in Sources */ = {isa = PBXBuildFile; fileRef = EEEA20AB2BB728C400A2452D /* CatchTheKennyUITests.swift */; };
		EEEA20AE2BB728C400A2452D /* CatchTheKennyUITestsLaunchTests.swift in Sources */ = {isa = PBXBuildFile; fileRef = EEEA20AD2BB728C400A2452D /* CatchTheKennyUITestsLaunchTests.swift */; };
		EEEA20BB2BB72A5B00A2452D /* Kenny.png in Resources */ = {isa = PBXBuildFile; fileRef = EEEA20BA2BB72A5B00A2452D /* Kenny.png */; };
/* End PBXBuildFile section */

/* Begin PBXContainerItemProxy section */
		EEEA209E2BB728C400A2452D /* PBXContainerItemProxy */ = {
			isa = PBXContainerItemProxy;
			containerPortal = EEEA207F2BB728C300A2452D /* Project object */;
			proxyType = 1;
			remoteGlobalIDString = EEEA20862BB728C300A2452D;
			remoteInfo = CatchTheKenny;
		};
		EEEA20A82BB728C400A2452D /* PBXContainerItemProxy */ = {
			isa = PBXContainerItemProxy;
			containerPortal = EEEA207F2BB728C300A2452D /* Project object */;
			proxyType = 1;
			remoteGlobalIDString = EEEA20862BB728C300A2452D;
			remoteInfo = CatchTheKenny;
		};
/* End PBXContainerItemProxy section */

/* Begin PBXFileReference section */
		EEEA20872BB728C300A2452D /* CatchTheKenny.app */ = {isa = PBXFileReference; explicitFileType = wrapper.application; includeInIndex = 0; path = CatchTheKenny.app; sourceTree = BUILT_PRODUCTS_DIR; };
		EEEA208A2BB728C300A2452D /* AppDelegate.swift */ = {isa = PBXFileReference; lastKnownFileType = sourcecode.swift; path = AppDelegate.swift; sourceTree = "<group>"; };
		EEEA208C2BB728C300A2452D /* SceneDelegate.swift */ = {isa = PBXFileReference; lastKnownFileType = sourcecode.swift; path = SceneDelegate.swift; sourceTree = "<group>"; };
		EEEA208E2BB728C300A2452D /* ViewController.swift */ = {isa = PBXFileReference; lastKnownFileType = sourcecode.swift; path = ViewController.swift; sourceTree = "<group>"; };
		EEEA20912BB728C300A2452D /* Base */ = {isa = PBXFileReference; lastKnownFileType = file.storyboard; name = Base; path = Base.lproj/Main.storyboard; sourceTree = "<group>"; };
		EEEA20932BB728C400A2452D /* Assets.xcassets */ = {isa = PBXFileReference; lastKnownFileType = folder.assetcatalog; path = Assets.xcassets; sourceTree = "<group>"; };
		EEEA20962BB728C400A2452D /* Base */ = {isa = PBXFileReference; lastKnownFileType = file.storyboard; name = Base; path = Base.lproj/LaunchScreen.storyboard; sourceTree = "<group>"; };
		EEEA20982BB728C400A2452D /* Info.plist */ = {isa = PBXFileReference; lastKnownFileType = text.plist.xml; path = Info.plist; sourceTree = "<group>"; };
		EEEA209D2BB728C400A2452D /* CatchTheKennyTests.xctest */ = {isa = PBXFileReference; explicitFileType = wrapper.cfbundle; includeInIndex = 0; path = CatchTheKennyTests.xctest; sourceTree = BUILT_PRODUCTS_DIR; };
		EEEA20A12BB728C400A2452D /* CatchTheKennyTests.swift */ = {isa = PBXFileReference; lastKnownFileType = sourcecode.swift; path = CatchTheKennyTests.swift; sourceTree = "<group>"; };
		EEEA20A72BB728C400A2452D /* CatchTheKennyUITests.xctest */ = {isa = PBXFileReference; explicitFileType = wrapper.cfbundle; includeInIndex = 0; path = CatchTheKennyUITests.xctest; sourceTree = BUILT_PRODUCTS_DIR; };
		EEEA20AB2BB728C400A2452D /* CatchTheKennyUITests.swift */ = {isa = PBXFileReference; lastKnownFileType = sourcecode.swift; path = CatchTheKennyUITests.swift; sourceTree = "<group>"; };
		EEEA20AD2BB728C400A2452D /* CatchTheKennyUITestsLaunchTests.swift */ = {isa = PBXFileReference; lastKnownFileType = sourcecode.swift; path = CatchTheKennyUITestsLaunchTests.swift; sourceTree = "<group>"; };
		EEEA20BA2BB72A5B00A2452D /* Kenny.png */ = {isa = PBXFileReference; lastKnownFileType = image.png; name = Kenny.png; path = ../../Downloads/Kenny.png; sourceTree = "<group>"; };
/* End PBXFileReference section */

/* Begin PBXFrameworksBuildPhase section */
		EEEA20842BB728C300A2452D /* Frameworks */ = {
			isa = PBXFrameworksBuildPhase;
			buildActionMask = 2147483647;
			files = (
			);
			runOnlyForDeploymentPostprocessing = 0;
		};
		EEEA209A2BB728C400A2452D /* Frameworks */ = {
			isa = PBXFrameworksBuildPhase;
			buildActionMask = 2147483647;
			files = (
			);
			runOnlyForDeploymentPostprocessing = 0;
		};
		EEEA20A42BB728C400A2452D /* Frameworks */ = {
			isa = PBXFrameworksBuildPhase;
			buildActionMask = 2147483647;
			files = (
			);
			runOnlyForDeploymentPostprocessing = 0;
		};
/* End PBXFrameworksBuildPhase section */

/* Begin PBXGroup section */
		EEEA207E2BB728C300A2452D = {
			isa = PBXGroup;
			children = (
				EEEA20892BB728C300A2452D /* CatchTheKenny */,
				EEEA20A02BB728C400A2452D /* CatchTheKennyTests */,
				EEEA20AA2BB728C400A2452D /* CatchTheKennyUITests */,
				EEEA20882BB728C300A2452D /* Products */,
			);
			sourceTree = "<group>";
		};
		EEEA20882BB728C300A2452D /* Products */ = {
			isa = PBXGroup;
			children = (
				EEEA20872BB728C300A2452D /* CatchTheKenny.app */,
				EEEA209D2BB728C400A2452D /* CatchTheKennyTests.xctest */,
				EEEA20A72BB728C400A2452D /* CatchTheKennyUITests.xctest */,
			);
			name = Products;
			sourceTree = "<group>";
		};
		EEEA20892BB728C300A2452D /* CatchTheKenny */ = {
			isa = PBXGroup;
			children = (
				EEEA208A2BB728C300A2452D /* AppDelegate.swift */,
				EEEA208C2BB728C300A2452D /* SceneDelegate.swift */,
				EEEA208E2BB728C300A2452D /* ViewController.swift */,
				EEEA20902BB728C300A2452D /* Main.storyboard */,
				EEEA20932BB728C400A2452D /* Assets.xcassets */,
				EEEA20BA2BB72A5B00A2452D /* Kenny.png */,
				EEEA20952BB728C400A2452D /* LaunchScreen.storyboard */,
				EEEA20982BB728C400A2452D /* Info.plist */,
			);
			path = CatchTheKenny;
			sourceTree = "<group>";
		};
		EEEA20A02BB728C400A2452D /* CatchTheKennyTests */ = {
			isa = PBXGroup;
			children = (
				EEEA20A12BB728C400A2452D /* CatchTheKennyTests.swift */,
			);
			path = CatchTheKennyTests;
			sourceTree = "<group>";
		};
		EEEA20AA2BB728C400A2452D /* CatchTheKennyUITests */ = {
			isa = PBXGroup;
			children = (
				EEEA20AB2BB728C400A2452D /* CatchTheKennyUITests.swift */,
				EEEA20AD2BB728C400A2452D /* CatchTheKennyUITestsLaunchTests.swift */,
			);
			path = CatchTheKennyUITests;
			sourceTree = "<group>";
		};
/* End PBXGroup section */

/* Begin PBXNativeTarget section */
		EEEA20862BB728C300A2452D /* CatchTheKenny */ = {
			isa = PBXNativeTarget;
			buildConfigurationList = EEEA20B12BB728C400A2452D /* Build configuration list for PBXNativeTarget "CatchTheKenny" */;
			buildPhases = (
				EEEA20832BB728C300A2452D /* Sources */,
				EEEA20842BB728C300A2452D /* Frameworks */,
				EEEA20852BB728C300A2452D /* Resources */,
			);
			buildRules = (
			);
			dependencies = (
			);
			name = CatchTheKenny;
			productName = CatchTheKenny;
			productReference = EEEA20872BB728C300A2452D /* CatchTheKenny.app */;
			productType = "com.apple.product-type.application";
		};
		EEEA209C2BB728C400A2452D /* CatchTheKennyTests */ = {
			isa = PBXNativeTarget;
			buildConfigurationList = EEEA20B42BB728C400A2452D /* Build configuration list for PBXNativeTarget "CatchTheKennyTests" */;
			buildPhases = (
				EEEA20992BB728C400A2452D /* Sources */,
				EEEA209A2BB728C400A2452D /* Frameworks */,
				EEEA209B2BB728C400A2452D /* Resources */,
			);
			buildRules = (
			);
			dependencies = (
				EEEA209F2BB728C400A2452D /* PBXTargetDependency */,
			);
			name = CatchTheKennyTests;
			productName = CatchTheKennyTests;
			productReference = EEEA209D2BB728C400A2452D /* CatchTheKennyTests.xctest */;
			productType = "com.apple.product-type.bundle.unit-test";
		};
		EEEA20A62BB728C400A2452D /* CatchTheKennyUITests */ = {
			isa = PBXNativeTarget;
			buildConfigurationList = EEEA20B72BB728C400A2452D /* Build configuration list for PBXNativeTarget "CatchTheKennyUITests" */;
			buildPhases = (
				EEEA20A32BB728C400A2452D /* Sources */,
				EEEA20A42BB728C400A2452D /* Frameworks */,
				EEEA20A52BB728C400A2452D /* Resources */,
			);
			buildRules = (
			);
			dependencies = (
				EEEA20A92BB728C400A2452D /* PBXTargetDependency */,
			);
			name = CatchTheKennyUITests;
			productName = CatchTheKennyUITests;
			productReference = EEEA20A72BB728C400A2452D /* CatchTheKennyUITests.xctest */;
			productType = "com.apple.product-type.bundle.ui-testing";
		};
/* End PBXNativeTarget section */

/* Begin PBXProject section */
		EEEA207F2BB728C300A2452D /* Project object */ = {
			isa = PBXProject;
			attributes = {
				BuildIndependentTargetsInParallel = 1;
				LastSwiftUpdateCheck = 1520;
				LastUpgradeCheck = 1520;
				TargetAttributes = {
					EEEA20862BB728C300A2452D = {
						CreatedOnToolsVersion = 15.2;
					};
					EEEA209C2BB728C400A2452D = {
						CreatedOnToolsVersion = 15.2;
						TestTargetID = EEEA20862BB728C300A2452D;
					};
					EEEA20A62BB728C400A2452D = {
						CreatedOnToolsVersion = 15.2;
						TestTargetID = EEEA20862BB728C300A2452D;
					};
				};
			};
			buildConfigurationList = EEEA20822BB728C300A2452D /* Build configuration list for PBXProject "CatchTheKenny" */;
			compatibilityVersion = "Xcode 14.0";
			developmentRegion = en;
			hasScannedForEncodings = 0;
			knownRegions = (
				en,
				Base,
			);
			mainGroup = EEEA207E2BB728C300A2452D;
			productRefGroup = EEEA20882BB728C300A2452D /* Products */;
			projectDirPath = "";
			projectRoot = "";
			targets = (
				EEEA20862BB728C300A2452D /* CatchTheKenny */,
				EEEA209C2BB728C400A2452D /* CatchTheKennyTests */,
				EEEA20A62BB728C400A2452D /* CatchTheKennyUITests */,
			);
		};
/* End PBXProject section */

/* Begin PBXResourcesBuildPhase section */
		EEEA20852BB728C300A2452D /* Resources */ = {
			isa = PBXResourcesBuildPhase;
			buildActionMask = 2147483647;
			files = (
				EEEA20972BB728C400A2452D /* LaunchScreen.storyboard in Resources */,
				EEEA20BB2BB72A5B00A2452D /* Kenny.png in Resources */,
				EEEA20942BB728C400A2452D /* Assets.xcassets in Resources */,
				EEEA20922BB728C300A2452D /* Main.storyboard in Resources */,
			);
			runOnlyForDeploymentPostprocessing = 0;
		};
		EEEA209B2BB728C400A2452D /* Resources */ = {
			isa = PBXResourcesBuildPhase;
			buildActionMask = 2147483647;
			files = (
			);
			runOnlyForDeploymentPostprocessing = 0;
		};
		EEEA20A52BB728C400A2452D /* Resources */ = {
			isa = PBXResourcesBuildPhase;
			buildActionMask = 2147483647;
			files = (
			);
			runOnlyForDeploymentPostprocessing = 0;
		};
/* End PBXResourcesBuildPhase section */

/* Begin PBXSourcesBuildPhase section */
		EEEA20832BB728C300A2452D /* Sources */ = {
			isa = PBXSourcesBuildPhase;
			buildActionMask = 2147483647;
			files = (
				EEEA208F2BB728C300A2452D /* ViewController.swift in Sources */,
				EEEA208B2BB728C300A2452D /* AppDelegate.swift in Sources */,
				EEEA208D2BB728C300A2452D /* SceneDelegate.swift in Sources */,
			);
			runOnlyForDeploymentPostprocessing = 0;
		};
		EEEA20992BB728C400A2452D /* Sources */ = {
			isa = PBXSourcesBuildPhase;
			buildActionMask = 2147483647;
			files = (
				EEEA20A22BB728C400A2452D /* CatchTheKennyTests.swift in Sources */,
			);
			runOnlyForDeploymentPostprocessing = 0;
		};
		EEEA20A32BB728C400A2452D /* Sources */ = {
			isa = PBXSourcesBuildPhase;
			buildActionMask = 2147483647;
			files = (
				EEEA20AE2BB728C400A2452D /* CatchTheKennyUITestsLaunchTests.swift in Sources */,
				EEEA20AC2BB728C400A2452D /* CatchTheKennyUITests.swift in Sources */,
			);
			runOnlyForDeploymentPostprocessing = 0;
		};
/* End PBXSourcesBuildPhase section */

/* Begin PBXTargetDependency section */
		EEEA209F2BB728C400A2452D /* PBXTargetDependency */ = {
			isa = PBXTargetDependency;
			target = EEEA20862BB728C300A2452D /* CatchTheKenny */;
			targetProxy = EEEA209E2BB728C400A2452D /* PBXContainerItemProxy */;
		};
		EEEA20A92BB728C400A2452D /* PBXTargetDependency */ = {
			isa = PBXTargetDependency;
			target = EEEA20862BB728C300A2452D /* CatchTheKenny */;
			targetProxy = EEEA20A82BB728C400A2452D /* PBXContainerItemProxy */;
		};
/* End PBXTargetDependency section */

/* Begin PBXVariantGroup section */
		EEEA20902BB728C300A2452D /* Main.storyboard */ = {
			isa = PBXVariantGroup;
			children = (
				EEEA20912BB728C300A2452D /* Base */,
			);
			name = Main.storyboard;
			sourceTree = "<group>";
		};
		EEEA20952BB728C400A2452D /* LaunchScreen.storyboard */ = {
			isa = PBXVariantGroup;
			children = (
				EEEA20962BB728C400A2452D /* Base */,
			);
			name = LaunchScreen.storyboard;
			sourceTree = "<group>";
		};
/* End PBXVariantGroup section */

/* Begin XCBuildConfiguration section */
		EEEA20AF2BB728C400A2452D /* Debug */ = {
			isa = XCBuildConfiguration;
			buildSettings = {
				ALWAYS_SEARCH_USER_PATHS = NO;
				ASSETCATALOG_COMPILER_GENERATE_SWIFT_ASSET_SYMBOL_EXTENSIONS = YES;
				CLANG_ANALYZER_NONNULL = YES;
				CLANG_ANALYZER_NUMBER_OBJECT_CONVERSION = YES_AGGRESSIVE;
				CLANG_CXX_LANGUAGE_STANDARD = "gnu++20";
				CLANG_ENABLE_MODULES = YES;
				CLANG_ENABLE_OBJC_ARC = YES;
				CLANG_ENABLE_OBJC_WEAK = YES;
				CLANG_WARN_BLOCK_CAPTURE_AUTORELEASING = YES;
				CLANG_WARN_BOOL_CONVERSION = YES;
				CLANG_WARN_COMMA = YES;
				CLANG_WARN_CONSTANT_CONVERSION = YES;
				CLANG_WARN_DEPRECATED_OBJC_IMPLEMENTATIONS = YES;
				CLANG_WARN_DIRECT_OBJC_ISA_USAGE = YES_ERROR;
				CLANG_WARN_DOCUMENTATION_COMMENTS = YES;
				CLANG_WARN_EMPTY_BODY = YES;
				CLANG_WARN_ENUM_CONVERSION = YES;
				CLANG_WARN_INFINITE_RECURSION = YES;
				CLANG_WARN_INT_CONVERSION = YES;
				CLANG_WARN_NON_LITERAL_NULL_CONVERSION = YES;
				CLANG_WARN_OBJC_IMPLICIT_RETAIN_SELF = YES;
				CLANG_WARN_OBJC_LITERAL_CONVERSION = YES;
				CLANG_WARN_OBJC_ROOT_CLASS = YES_ERROR;
				CLANG_WARN_QUOTED_INCLUDE_IN_FRAMEWORK_HEADER = YES;
				CLANG_WARN_RANGE_LOOP_ANALYSIS = YES;
				CLANG_WARN_STRICT_PROTOTYPES = YES;
				CLANG_WARN_SUSPICIOUS_MOVE = YES;
				CLANG_WARN_UNGUARDED_AVAILABILITY = YES_AGGRESSIVE;
				CLANG_WARN_UNREACHABLE_CODE = YES;
				CLANG_WARN__DUPLICATE_METHOD_MATCH = YES;
				COPY_PHASE_STRIP = NO;
				DEBUG_INFORMATION_FORMAT = dwarf;
				ENABLE_STRICT_OBJC_MSGSEND = YES;
				ENABLE_TESTABILITY = YES;
				ENABLE_USER_SCRIPT_SANDBOXING = YES;
				GCC_C_LANGUAGE_STANDARD = gnu17;
				GCC_DYNAMIC_NO_PIC = NO;
				GCC_NO_COMMON_BLOCKS = YES;
				GCC_OPTIMIZATION_LEVEL = 0;
				GCC_PREPROCESSOR_DEFINITIONS = (
					"DEBUG=1",
					"$(inherited)",
				);
				GCC_WARN_64_TO_32_BIT_CONVERSION = YES;
				GCC_WARN_ABOUT_RETURN_TYPE = YES_ERROR;
				GCC_WARN_UNDECLARED_SELECTOR = YES;
				GCC_WARN_UNINITIALIZED_AUTOS = YES_AGGRESSIVE;
				GCC_WARN_UNUSED_FUNCTION = YES;
				GCC_WARN_UNUSED_VARIABLE = YES;
				IPHONEOS_DEPLOYMENT_TARGET = 17.2;
				LOCALIZATION_PREFERS_STRING_CATALOGS = YES;
				MTL_ENABLE_DEBUG_INFO = INCLUDE_SOURCE;
				MTL_FAST_MATH = YES;
				ONLY_ACTIVE_ARCH = YES;
				SDKROOT = iphoneos;
				SWIFT_ACTIVE_COMPILATION_CONDITIONS = "DEBUG $(inherited)";
				SWIFT_OPTIMIZATION_LEVEL = "-Onone";
			};
			name = Debug;
		};
		EEEA20B02BB728C400A2452D /* Release */ = {
			isa = XCBuildConfiguration;
			buildSettings = {
				ALWAYS_SEARCH_USER_PATHS = NO;
				ASSETCATALOG_COMPILER_GENERATE_SWIFT_ASSET_SYMBOL_EXTENSIONS = YES;
				CLANG_ANALYZER_NONNULL = YES;
				CLANG_ANALYZER_NUMBER_OBJECT_CONVERSION = YES_AGGRESSIVE;
				CLANG_CXX_LANGUAGE_STANDARD = "gnu++20";
				CLANG_ENABLE_MODULES = YES;
				CLANG_ENABLE_OBJC_ARC = YES;
				CLANG_ENABLE_OBJC_WEAK = YES;
				CLANG_WARN_BLOCK_CAPTURE_AUTORELEASING = YES;
				CLANG_WARN_BOOL_CONVERSION = YES;
				CLANG_WARN_COMMA = YES;
				CLANG_WARN_CONSTANT_CONVERSION = YES;
				CLANG_WARN_DEPRECATED_OBJC_IMPLEMENTATIONS = YES;
				CLANG_WARN_DIRECT_OBJC_ISA_USAGE = YES_ERROR;
				CLANG_WARN_DOCUMENTATION_COMMENTS = YES;
				CLANG_WARN_EMPTY_BODY = YES;
				CLANG_WARN_ENUM_CONVERSION = YES;
				CLANG_WARN_INFINITE_RECURSION = YES;
				CLANG_WARN_INT_CONVERSION = YES;
				CLANG_WARN_NON_LITERAL_NULL_CONVERSION = YES;
				CLANG_WARN_OBJC_IMPLICIT_RETAIN_SELF = YES;
				CLANG_WARN_OBJC_LITERAL_CONVERSION = YES;
				CLANG_WARN_OBJC_ROOT_CLASS = YES_ERROR;
				CLANG_WARN_QUOTED_INCLUDE_IN_FRAMEWORK_HEADER = YES;
				CLANG_WARN_RANGE_LOOP_ANALYSIS = YES;
				CLANG_WARN_STRICT_PROTOTYPES = YES;
				CLANG_WARN_SUSPICIOUS_MOVE = YES;
				CLANG_WARN_UNGUARDED_AVAILABILITY = YES_AGGRESSIVE;
				CLANG_WARN_UNREACHABLE_CODE = YES;
				CLANG_WARN__DUPLICATE_METHOD_MATCH = YES;
				COPY_PHASE_STRIP = NO;
				DEBUG_INFORMATION_FORMAT = "dwarf-with-dsym";
				ENABLE_NS_ASSERTIONS = NO;
				ENABLE_STRICT_OBJC_MSGSEND = YES;
				ENABLE_USER_SCRIPT_SANDBOXING = YES;
				GCC_C_LANGUAGE_STANDARD = gnu17;
				GCC_NO_COMMON_BLOCKS = YES;
				GCC_WARN_64_TO_32_BIT_CONVERSION = YES;
				GCC_WARN_ABOUT_RETURN_TYPE = YES_ERROR;
				GCC_WARN_UNDECLARED_SELECTOR = YES;
				GCC_WARN_UNINITIALIZED_AUTOS = YES_AGGRESSIVE;
				GCC_WARN_UNUSED_FUNCTION = YES;
				GCC_WARN_UNUSED_VARIABLE = YES;
				IPHONEOS_DEPLOYMENT_TARGET = 17.2;
				LOCALIZATION_PREFERS_STRING_CATALOGS = YES;
				MTL_ENABLE_DEBUG_INFO = NO;
				MTL_FAST_MATH = YES;
				SDKROOT = iphoneos;
				SWIFT_COMPILATION_MODE = wholemodule;
				VALIDATE_PRODUCT = YES;
			};
			name = Release;
		};
		EEEA20B22BB728C400A2452D /* Debug */ = {
			isa = XCBuildConfiguration;
			buildSettings = {
				ASSETCATALOG_COMPILER_APPICON_NAME = AppIcon;
				ASSETCATALOG_COMPILER_GLOBAL_ACCENT_COLOR_NAME = AccentColor;
				CODE_SIGN_STYLE = Automatic;
				CURRENT_PROJECT_VERSION = 1;
				GENERATE_INFOPLIST_FILE = YES;
				INFOPLIST_FILE = CatchTheKenny/Info.plist;
				INFOPLIST_KEY_UIApplicationSupportsIndirectInputEvents = YES;
				INFOPLIST_KEY_UILaunchStoryboardName = LaunchScreen;
				INFOPLIST_KEY_UIMainStoryboardFile = Main;
				INFOPLIST_KEY_UISupportedInterfaceOrientations_iPad = "UIInterfaceOrientationPortrait UIInterfaceOrientationPortraitUpsideDown UIInterfaceOrientationLandscapeLeft UIInterfaceOrientationLandscapeRight";
				INFOPLIST_KEY_UISupportedInterfaceOrientations_iPhone = "UIInterfaceOrientationPortrait UIInterfaceOrientationLandscapeLeft UIInterfaceOrientationLandscapeRight";
				LD_RUNPATH_SEARCH_PATHS = (
					"$(inherited)",
					"@executable_path/Frameworks",
				);
				MARKETING_VERSION = 1.0;
				PRODUCT_BUNDLE_IDENTIFIER = com.SchuylerWinn.CatchTheKenny;
				PRODUCT_NAME = "$(TARGET_NAME)";
				SWIFT_EMIT_LOC_STRINGS = YES;
				SWIFT_VERSION = 5.0;
				TARGETED_DEVICE_FAMILY = "1,2";
			};
			name = Debug;
		};
		EEEA20B32BB728C400A2452D /* Release */ = {
			isa = XCBuildConfiguration;
			buildSettings = {
				ASSETCATALOG_COMPILER_APPICON_NAME = AppIcon;
				ASSETCATALOG_COMPILER_GLOBAL_ACCENT_COLOR_NAME = AccentColor;
				CODE_SIGN_STYLE = Automatic;
				CURRENT_PROJECT_VERSION = 1;
				GENERATE_INFOPLIST_FILE = YES;
				INFOPLIST_FILE = CatchTheKenny/Info.plist;
				INFOPLIST_KEY_UIApplicationSupportsIndirectInputEvents = YES;
				INFOPLIST_KEY_UILaunchStoryboardName = LaunchScreen;
				INFOPLIST_KEY_UIMainStoryboardFile = Main;
				INFOPLIST_KEY_UISupportedInterfaceOrientations_iPad = "UIInterfaceOrientationPortrait UIInterfaceOrientationPortraitUpsideDown UIInterfaceOrientationLandscapeLeft UIInterfaceOrientationLandscapeRight";
				INFOPLIST_KEY_UISupportedInterfaceOrientations_iPhone = "UIInterfaceOrientationPortrait UIInterfaceOrientationLandscapeLeft UIInterfaceOrientationLandscapeRight";
				LD_RUNPATH_SEARCH_PATHS = (
					"$(inherited)",
					"@executable_path/Frameworks",
				);
				MARKETING_VERSION = 1.0;
				PRODUCT_BUNDLE_IDENTIFIER = com.SchuylerWinn.CatchTheKenny;
				PRODUCT_NAME = "$(TARGET_NAME)";
				SWIFT_EMIT_LOC_STRINGS = YES;
				SWIFT_VERSION = 5.0;
				TARGETED_DEVICE_FAMILY = "1,2";
			};
			name = Release;
		};
		EEEA20B52BB728C400A2452D /* Debug */ = {
			isa = XCBuildConfiguration;
			buildSettings = {
				ALWAYS_EMBED_SWIFT_STANDARD_LIBRARIES = YES;
				BUNDLE_LOADER = "$(TEST_HOST)";
				CODE_SIGN_STYLE = Automatic;
				CURRENT_PROJECT_VERSION = 1;
				GENERATE_INFOPLIST_FILE = YES;
				IPHONEOS_DEPLOYMENT_TARGET = 17.2;
				MARKETING_VERSION = 1.0;
				PRODUCT_BUNDLE_IDENTIFIER = com.SchuylerWinn.CatchTheKennyTests;
				PRODUCT_NAME = "$(TARGET_NAME)";
				SWIFT_EMIT_LOC_STRINGS = NO;
				SWIFT_VERSION = 5.0;
				TARGETED_DEVICE_FAMILY = "1,2";
				TEST_HOST = "$(BUILT_PRODUCTS_DIR)/CatchTheKenny.app/$(BUNDLE_EXECUTABLE_FOLDER_PATH)/CatchTheKenny";
			};
			name = Debug;
		};
		EEEA20B62BB728C400A2452D /* Release */ = {
			isa = XCBuildConfiguration;
			buildSettings = {
				ALWAYS_EMBED_SWIFT_STANDARD_LIBRARIES = YES;
				BUNDLE_LOADER = "$(TEST_HOST)";
				CODE_SIGN_STYLE = Automatic;
				CURRENT_PROJECT_VERSION = 1;
				GENERATE_INFOPLIST_FILE = YES;
				IPHONEOS_DEPLOYMENT_TARGET = 17.2;
				MARKETING_VERSION = 1.0;
				PRODUCT_BUNDLE_IDENTIFIER = com.SchuylerWinn.CatchTheKennyTests;
				PRODUCT_NAME = "$(TARGET_NAME)";
				SWIFT_EMIT_LOC_STRINGS = NO;
				SWIFT_VERSION = 5.0;
				TARGETED_DEVICE_FAMILY = "1,2";
				TEST_HOST = "$(BUILT_PRODUCTS_DIR)/CatchTheKenny.app/$(BUNDLE_EXECUTABLE_FOLDER_PATH)/CatchTheKenny";
			};
			name = Release;
		};
		EEEA20B82BB728C400A2452D /* Debug */ = {
			isa = XCBuildConfiguration;
			buildSettings = {
				ALWAYS_EMBED_SWIFT_STANDARD_LIBRARIES = YES;
				CODE_SIGN_STYLE = Automatic;
				CURRENT_PROJECT_VERSION = 1;
				GENERATE_INFOPLIST_FILE = YES;
				MARKETING_VERSION = 1.0;
				PRODUCT_BUNDLE_IDENTIFIER = com.SchuylerWinn.CatchTheKennyUITests;
				PRODUCT_NAME = "$(TARGET_NAME)";
				SWIFT_EMIT_LOC_STRINGS = NO;
				SWIFT_VERSION = 5.0;
				TARGETED_DEVICE_FAMILY = "1,2";
				TEST_TARGET_NAME = CatchTheKenny;
			};
			name = Debug;
		};
		EEEA20B92BB728C400A2452D /* Release */ = {
			isa = XCBuildConfiguration;
			buildSettings = {
				ALWAYS_EMBED_SWIFT_STANDARD_LIBRARIES = YES;
				CODE_SIGN_STYLE = Automatic;
				CURRENT_PROJECT_VERSION = 1;
				GENERATE_INFOPLIST_FILE = YES;
				MARKETING_VERSION = 1.0;
				PRODUCT_BUNDLE_IDENTIFIER = com.SchuylerWinn.CatchTheKennyUITests;
				PRODUCT_NAME = "$(TARGET_NAME)";
				SWIFT_EMIT_LOC_STRINGS = NO;
				SWIFT_VERSION = 5.0;
				TARGETED_DEVICE_FAMILY = "1,2";
				TEST_TARGET_NAME = CatchTheKenny;
			};
			name = Release;
		};
/* End XCBuildConfiguration section */

/* Begin XCConfigurationList section */
		EEEA20822BB728C300A2452D /* Build configuration list for PBXProject "CatchTheKenny" */ = {
			isa = XCConfigurationList;
			buildConfigurations = (
				EEEA20AF2BB728C400A2452D /* Debug */,
				EEEA20B02BB728C400A2452D /* Release */,
			);
			defaultConfigurationIsVisible = 0;
			defaultConfigurationName = Release;
		};
		EEEA20B12BB728C400A2452D /* Build configuration list for PBXNativeTarget "CatchTheKenny" */ = {
			isa = XCConfigurationList;
			buildConfigurations = (
				EEEA20B22BB728C400A2452D /* Debug */,
				EEEA20B32BB728C400A2452D /* Release */,
			);
			defaultConfigurationIsVisible = 0;
			defaultConfigurationName = Release;
		};
		EEEA20B42BB728C400A2452D /* Build configuration list for PBXNativeTarget "CatchTheKennyTests" */ = {
			isa = XCConfigurationList;
			buildConfigurations = (
				EEEA20B52BB728C400A2452D /* Debug */,
				EEEA20B62BB728C400A2452D /* Release */,
			);
			defaultConfigurationIsVisible = 0;
			defaultConfigurationName = Release;
		};
		EEEA20B72BB728C400A2452D /* Build configuration list for PBXNativeTarget "CatchTheKennyUITests" */ = {
			isa = XCConfigurationList;
			buildConfigurations = (
				EEEA20B82BB728C400A2452D /* Debug */,
				EEEA20B92BB728C400A2452D /* Release */,
			);
			defaultConfigurationIsVisible = 0;
			defaultConfigurationName = Release;
		};
/* End XCConfigurationList section */
	};
	rootObject = EEEA207F2BB728C300A2452D /* Project object */;
}
